
Microsoft Visual Studio Solution File, Format Version 12.00
# Visual Studio Version 16
VisualStudioVersion = 16.0.32126.315
MinimumVisualStudioVersion = 10.0.40219.1
Project("{FAE04EC0-301F-11D3-BF4B-00C04F79EFBC}") = "KataLeapYear", "KataLeapYear\KataLeapYear.csproj", "{BD8ABBB4-FB93-463A-A785-A6EC457EA4C1}"
EndProject
Global
	GlobalSection(SolutionConfigurationPlatforms) = preSolution
		Debug|Any CPU = Debug|Any CPU
		Release|Any CPU = Release|Any CPU
	EndGlobalSection
	GlobalSection(ProjectConfigurationPlatforms) = postSolution
		{BD8ABBB4-FB93-463A-A785-A6EC457EA4C1}.Debug|Any CPU.ActiveCfg = Debug|Any CPU
		{BD8ABBB4-FB93-463A-A785-A6EC457EA4C1}.Debug|Any CPU.Build.0 = Debug|Any CPU
		{BD8ABBB4-FB93-463A-A785-A6EC457EA4C1}.Release|Any CPU.ActiveCfg = Release|Any CPU
		{BD8ABBB4-FB93-463A-A785-A6EC457EA4C1}.Release|Any CPU.Build.0 = Release|Any CPU
	EndGlobalSection
	GlobalSection(SolutionProperties) = preSolution
		HideSolutionNode = FALSE
	EndGlobalSection
	GlobalSection(ExtensibilityGlobals) = postSolution
		SolutionGuid = {D410DBC4-68BC-4F87-BAF1-626DEB7A8332}
	EndGlobalSection
EndGlobal
